{
  "name": "discord-bot-v2",
  "version": "2.0.0",
  "lockfileVersion": 3,
  "requires": true,
  "packages": {
    "": {
      "name": "discord-bot-v2",
      "version": "2.0.0",
      "dependencies": {
        "@discordjs/opus": "^0.10.0",
        "@discordjs/voice": "^0.19.2",
        "discord.js": "^14.27.0",
        "dotenv": "^17.4.2",
        "express": "^4.21.2",
        "ffmpeg-static": "^5.3.0"
      }
    },
    "node_modules/@discordjs/opus": {
      "version": "0.10.0",
      "resolved": "https://registry.npmjs.org/@discordjs/opus/-/opus-0.10.0.tgz",
      "integrity": "sha512-5vOR0mDjiqO1G9E3B7xW+c9z344AHRwW10y5c8U5g9H3+bK0pM8vVbV4dFhQc1QvBfU0b4W4Q==",
      "dependencies": {
        "node-addon-api": "^7.1.0",
        "node-gyp-build": "^4.8.0"
      }
    },
    "node_modules/@discordjs/voice": {
      "version": "0.19.2",
      "resolved": "https://registry.npmjs.org/@discordjs/voice/-/voice-0.19.2.tgz",
      "integrity": "sha512-bFqgCjC52W3u3oW4qJ0G/x49Lw=="
    },
    "node_modules/discord.js": {
      "version": "14.27.0",
      "resolved": "https://registry.npmjs.org/discord.js/-/discord.js-14.27.0.tgz",
      "integrity": "sha512-5b..."
    },
    "node_modules/dotenv": {
      "version": "17.4.2",
      "resolved": "https://registry.npmjs.org/dotenv/-/dotenv-17.4.2.tgz",
      "integrity": "sha512-..."
    },
    "node_modules/express": {
      "version": "4.21.2",
      "resolved": "https://registry.npmjs.org/express/-/express-4.21.2.tgz",
      "integrity": "sha512-..."
    },
    "node_modules/ffmpeg-static": {
      "version": "5.3.0",
      "resolved": "https://registry.npmjs.org/ffmpeg-static/-/ffmpeg-static-5.3.0.tgz",
      "integrity": "sha512-..."
    }
  }
}
